
Microsoft Visual Studio Solution File, Format Version 12.00
# Visual Studio 15
VisualStudioVersion = 15.0.27004.2006
MinimumVisualStudioVersion = 10.0.40219.1
Project("{9A19103F-16F7-4668-BE54-9A1E7A4F7556}") = "Guru", "src\Guru\Guru.csproj", "{328705FC-CA04-4D3E-BB4C-ED612BDBBC85}"
EndProject
Project("{2150E333-8FDC-42A3-9474-1A3956D46DE8}") = "src", "src", "{3815D5C3-FE3A-46E9-AC58-44E46CB2860D}"
EndProject
Project("{2150E333-8FDC-42A3-9474-1A3956D46DE8}") = "test", "test", "{E5879043-41AC-4FF0-8AFF-96FE0234FFCB}"
EndProject
Project("{9A19103F-16F7-4668-BE54-9A1E7A4F7556}") = "ConsoleApp", "test\ConsoleApp\ConsoleApp.csproj", "{A5EAB5C9-4683-4F33-8597-2F8220F594AD}"
EndProject
Project("{9A19103F-16F7-4668-BE54-9A1E7A4F7556}") = "AspNetCoreAppII", "test\AspNetCoreAppII\AspNetCoreAppII.csproj", "{82F84DBE-844D-4244-868B-87CD58EBFD02}"
EndProject
Project("{9A19103F-16F7-4668-BE54-9A1E7A4F7556}") = "ClassLib", "test\ClassLib\ClassLib.csproj", "{99A31781-B4BB-42A4-8887-1A8F15C85FB6}"
EndProject
Project("{9A19103F-16F7-4668-BE54-9A1E7A4F7556}") = "Guru.Redis", "src\Guru.Redis\Guru.Redis.csproj", "{C1BD2D12-BAC3-4451-84EC-82CF5B7C3735}"
EndProject
Global
	GlobalSection(SolutionConfigurationPlatforms) = preSolution
		Debug|Any CPU = Debug|Any CPU
		Release|Any CPU = Release|Any CPU
	EndGlobalSection
	GlobalSection(ProjectConfigurationPlatforms) = postSolution
		{328705FC-CA04-4D3E-BB4C-ED612BDBBC85}.Debug|Any CPU.ActiveCfg = Debug|Any CPU
		{328705FC-CA04-4D3E-BB4C-ED612BDBBC85}.Debug|Any CPU.Build.0 = Debug|Any CPU
		{328705FC-CA04-4D3E-BB4C-ED612BDBBC85}.Release|Any CPU.ActiveCfg = Release|Any CPU
		{328705FC-CA04-4D3E-BB4C-ED612BDBBC85}.Release|Any CPU.Build.0 = Release|Any CPU
		{A5EAB5C9-4683-4F33-8597-2F8220F594AD}.Debug|Any CPU.ActiveCfg = Debug|Any CPU
		{A5EAB5C9-4683-4F33-8597-2F8220F594AD}.Debug|Any CPU.Build.0 = Debug|Any CPU
		{A5EAB5C9-4683-4F33-8597-2F8220F594AD}.Release|Any CPU.ActiveCfg = Release|Any CPU
		{A5EAB5C9-4683-4F33-8597-2F8220F594AD}.Release|Any CPU.Build.0 = Release|Any CPU
		{82F84DBE-844D-4244-868B-87CD58EBFD02}.Debug|Any CPU.ActiveCfg = Debug|Any CPU
		{82F84DBE-844D-4244-868B-87CD58EBFD02}.Debug|Any CPU.Build.0 = Debug|Any CPU
		{82F84DBE-844D-4244-868B-87CD58EBFD02}.Release|Any CPU.ActiveCfg = Release|Any CPU
		{82F84DBE-844D-4244-868B-87CD58EBFD02}.Release|Any CPU.Build.0 = Release|Any CPU
		{99A31781-B4BB-42A4-8887-1A8F15C85FB6}.Debug|Any CPU.ActiveCfg = Debug|Any CPU
		{99A31781-B4BB-42A4-8887-1A8F15C85FB6}.Debug|Any CPU.Build.0 = Debug|Any CPU
		{99A31781-B4BB-42A4-8887-1A8F15C85FB6}.Release|Any CPU.ActiveCfg = Release|Any CPU
		{99A31781-B4BB-42A4-8887-1A8F15C85FB6}.Release|Any CPU.Build.0 = Release|Any CPU
		{C1BD2D12-BAC3-4451-84EC-82CF5B7C3735}.Debug|Any CPU.ActiveCfg = Debug|Any CPU
		{C1BD2D12-BAC3-4451-84EC-82CF5B7C3735}.Debug|Any CPU.Build.0 = Debug|Any CPU
		{C1BD2D12-BAC3-4451-84EC-82CF5B7C3735}.Release|Any CPU.ActiveCfg = Release|Any CPU
		{C1BD2D12-BAC3-4451-84EC-82CF5B7C3735}.Release|Any CPU.Build.0 = Release|Any CPU
	EndGlobalSection
	GlobalSection(SolutionProperties) = preSolution
		HideSolutionNode = FALSE
	EndGlobalSection
	GlobalSection(NestedProjects) = preSolution
		{328705FC-CA04-4D3E-BB4C-ED612BDBBC85} = {3815D5C3-FE3A-46E9-AC58-44E46CB2860D}
		{A5EAB5C9-4683-4F33-8597-2F8220F594AD} = {E5879043-41AC-4FF0-8AFF-96FE0234FFCB}
		{82F84DBE-844D-4244-868B-87CD58EBFD02} = {E5879043-41AC-4FF0-8AFF-96FE0234FFCB}
		{99A31781-B4BB-42A4-8887-1A8F15C85FB6} = {E5879043-41AC-4FF0-8AFF-96FE0234FFCB}
		{C1BD2D12-BAC3-4451-84EC-82CF5B7C3735} = {3815D5C3-FE3A-46E9-AC58-44E46CB2860D}
	EndGlobalSection
	GlobalSection(ExtensibilityGlobals) = postSolution
		SolutionGuid = {057B1451-F259-485F-9E88-990F86DD191A}
	EndGlobalSection
EndGlobal
